# THIS IS AN AUTOGENERATED FILE. DO NOT EDIT THIS FILE DIRECTLY.
# yarn lockfile v1


"@formatjs/fast-memoize@^3.1.0", "@formatjs/fast-memoize@3.1.6":
  version "3.1.6"
  resolved "https://registry.npmjs.org/@formatjs/fast-memoize/-/fast-memoize-3.1.6.tgz"
  integrity sha512-H5aexk1Le7T9TPmscacZ+1pR6CTa2n1wq+HDVGXhH8TzUlQQpeXzZs91dRtmFHrbeNbjPFPfQujUqm7MHgVoXQ==

"@formatjs/icu-messageformat-parser@^3.4.0", "@formatjs/icu-messageformat-parser@3.5.11":
  version "3.5.11"
  resolved "https://registry.npmjs.org/@formatjs/icu-messageformat-parser/-/icu-messageformat-parser-3.5.11.tgz"
  integrity sha512-NVsuNsc2dUVG9+4HBJ/srScxtA/18LqGgwtop/tuN/OIBjVl6QA+0KhfZQddDD9sEh2LeVjLFPGVU3ixa3blcA==
  dependencies:
    "@formatjs/icu-skeleton-parser" "2.1.10"

"@formatjs/icu-skeleton-parser@2.1.10":
  version "2.1.10"
  resolved "https://registry.npmjs.org/@formatjs/icu-skeleton-parser/-/icu-skeleton-parser-2.1.10.tgz"
  integrity sha512-XuSva+8ZGawk8VnD5VD6UeH8KarQ/Z022zgjHDoHmlNiAewstXuuzXc0Hk5pGFSdG+nNw5bfJKXqj1ZXHn9yUA==

"@formatjs/intl-localematcher@^0.8.1":
  version "0.8.10"
  resolved "https://registry.npmjs.org/@formatjs/intl-localematcher/-/intl-localematcher-0.8.10.tgz"
  integrity sha512-P/IC3qws3jH+1fEs+o0RIFgXKRaQlFehjS5W0FPAqdo6hgzawLl+eD0q0JjheQ3XtoOe5n8WSYfX06KQZI/QJA==
  dependencies:
    "@formatjs/fast-memoize" "3.1.6"

"@img/colour@^1.0.0":
  version "1.1.0"
  resolved "https://registry.npmjs.org/@img/colour/-/colour-1.1.0.tgz"
  integrity sha512-Td76q7j57o/tLVdgS746cYARfSyxk8iEfRxewL9h4OMzYhbW4TAcppl0mT4eyqXddh6L/jwoM75mo7ixa/pCeQ==

"@img/sharp-darwin-arm64@0.34.5":
  version "0.34.5"
  resolved "https://registry.npmjs.org/@img/sharp-darwin-arm64/-/sharp-darwin-arm64-0.34.5.tgz"
  integrity sha512-imtQ3WMJXbMY4fxb/Ndp6HBTNVtWCUI0WdobyheGf5+ad6xX8VIDO8u2xE4qc/fr08CKG/7dDseFtn6M6g/r3w==
  optionalDependencies:
    "@img/sharp-libvips-darwin-arm64" "1.2.4"

"@img/sharp-libvips-darwin-arm64@1.2.4":
  version "1.2.4"
  resolved "https://registry.npmjs.org/@img/sharp-libvips-darwin-arm64/-/sharp-libvips-darwin-arm64-1.2.4.tgz"
  integrity sha512-zqjjo7RatFfFoP0MkQ51jfuFZBnVE2pRiaydKJ1G/rHZvnsrHAOcQALIi9sA5co5xenQdTugCvtb1cuf78Vf4g==

"@next/env@16.2.9":
  version "16.2.9"
  resolved "https://registry.npmjs.org/@next/env/-/env-16.2.9.tgz"
  integrity sha512-ki5VxxXfzD/9TDe13wyeTKIjQTAwBVpnr8KhRDUr8ltMUq1/NBpWNT5tiPoxiGl+PHM4X2ahSOiPk6iAimIzPg==

"@next/swc-darwin-arm64@16.2.9":
  version "16.2.9"
  resolved "https://registry.npmjs.org/@next/swc-darwin-arm64/-/swc-darwin-arm64-16.2.9.tgz"
  integrity sha512-HkfxNYUCmcct0Xsqib5KxqMSHV4AHJq857BNRchyBDs4YS19aHzVfn1kDuBYKqLLQBjXgnkIsjV2Kd4d2wzYhw==

"@parcel/watcher-darwin-arm64@2.5.6":
  version "2.5.6"
  resolved "https://registry.npmjs.org/@parcel/watcher-darwin-arm64/-/watcher-darwin-arm64-2.5.6.tgz"
  integrity sha512-Z2ZdrnwyXvvvdtRHLmM4knydIdU9adO3D4n/0cVipF3rRiwP+3/sfzpAwA/qKFL6i1ModaabkU7IbpeMBgiVEA==

"@parcel/watcher@^2.4.1":
  version "2.5.6"
  resolved "https://registry.npmjs.org/@parcel/watcher/-/watcher-2.5.6.tgz"
  integrity sha512-tmmZ3lQxAe/k/+rNnXQRawJ4NjxO2hqiOLTHvWchtGZULp4RyFeh6aU4XdOYBFe2KE1oShQTv4AblOs2iOrNnQ==
  dependencies:
    detect-libc "^2.0.3"
    is-glob "^4.0.3"
    node-addon-api "^7.0.0"
    picomatch "^4.0.3"
  optionalDependencies:
    "@parcel/watcher-android-arm64" "2.5.6"
    "@parcel/watcher-darwin-arm64" "2.5.6"
    "@parcel/watcher-darwin-x64" "2.5.6"
    "@parcel/watcher-freebsd-x64" "2.5.6"
    "@parcel/watcher-linux-arm-glibc" "2.5.6"
    "@parcel/watcher-linux-arm-musl" "2.5.6"
    "@parcel/watcher-linux-arm64-glibc" "2.5.6"
    "@parcel/watcher-linux-arm64-musl" "2.5.6"
    "@parcel/watcher-linux-x64-glibc" "2.5.6"
    "@parcel/watcher-linux-x64-musl" "2.5.6"
    "@parcel/watcher-win32-arm64" "2.5.6"
    "@parcel/watcher-win32-ia32" "2.5.6"
    "@parcel/watcher-win32-x64" "2.5.6"

"@schummar/icu-type-parser@1.21.5":
  version "1.21.5"
  resolved "https://registry.npmjs.org/@schummar/icu-type-parser/-/icu-type-parser-1.21.5.tgz"
  integrity sha512-bXHSaW5jRTmke9Vd0h5P7BtWZG9Znqb8gSDxZnxaGSJnGwPLDPfS+3g0BKzeWqzgZPsIVZkM7m2tbo18cm5HBw==

"@swc/core-darwin-arm64@1.15.41":
  version "1.15.41"
  resolved "https://registry.npmjs.org/@swc/core-darwin-arm64/-/core-darwin-arm64-1.15.41.tgz"
  integrity sha512-kREh6J5paQFvP3i7f/4FbqRNOJREutVFVOkder4GVyCBQ39YmER55cW/y1NNjwrchzFqgYswFn0mMDCqbqKzrw==

"@swc/core@^1.15.2":
  version "1.15.41"
  resolved "https://registry.npmjs.org/@swc/core/-/core-1.15.41.tgz"
  integrity sha512-03nQq/082QRJJiOvp3FGbgxTGyyxMxohPTjhk/W9bD2J0tk4ukITI7goOhOO2WbaHn/lsPmo/zf8+DIXhwpgYQ==
  dependencies:
    "@swc/counter" "^0.1.3"
    "@swc/types" "^0.1.26"
  optionalDependencies:
    "@swc/core-darwin-arm64" "1.15.41"
    "@swc/core-darwin-x64" "1.15.41"
    "@swc/core-linux-arm-gnueabihf" "1.15.41"
    "@swc/core-linux-arm64-gnu" "1.15.41"
    "@swc/core-linux-arm64-musl" "1.15.41"
    "@swc/core-linux-ppc64-gnu" "1.15.41"
    "@swc/core-linux-s390x-gnu" "1.15.41"
    "@swc/core-linux-x64-gnu" "1.15.41"
    "@swc/core-linux-x64-musl" "1.15.41"
    "@swc/core-win32-arm64-msvc" "1.15.41"
    "@swc/core-win32-ia32-msvc" "1.15.41"
    "@swc/core-win32-x64-msvc" "1.15.41"

"@swc/counter@^0.1.3":
  version "0.1.3"
  resolved "https://registry.npmjs.org/@swc/counter/-/counter-0.1.3.tgz"
  integrity sha512-e2BR4lsJkkRlKZ/qCHPw9ZaSxc0MVUd7gtbtaB7aMvHeJVYe8sOB8DBZkP2DtISHGSku9sCK6T6cnY0CtXrOCQ==

"@swc/helpers@0.5.15":
  version "0.5.15"
  resolved "https://registry.npmjs.org/@swc/helpers/-/helpers-0.5.15.tgz"
  integrity sha512-JQ5TuMi45Owi4/BIMAJBoSQoOJu12oOk/gADqlcUL9JEdHB8vyjUSsxqeNXnmXHjYKMi2WcYtezGEEhqUI/E2g==
  dependencies:
    tslib "^2.8.0"

"@swc/types@^0.1.26":
  version "0.1.26"
  resolved "https://registry.npmjs.org/@swc/types/-/types-0.1.26.tgz"
  integrity sha512-lyMwd7WGgG79RS7EERZV3T8wMdmPq3xwyg+1nmAM64kIhx5yl+juO2PYIHb7vTiPgPCj8LYjsNV2T5wiQHUEaw==
  dependencies:
    "@swc/counter" "^0.1.3"

baseline-browser-mapping@^2.9.19:
  version "2.10.36"
  resolved "https://registry.npmjs.org/baseline-browser-mapping/-/baseline-browser-mapping-2.10.36.tgz"
  integrity sha512-lVq/Df7LXlO79MVaaUHztSwWiG9oXoWHlgvNS51v8Dpd4+G4/VIy6qYePTw31nAVls33nUtnfezYeLkYAak9dg==

caniuse-lite@^1.0.30001579:
  version "1.0.30001651"
  resolved "https://registry.npmjs.org/caniuse-lite/-/caniuse-lite-1.0.30001651.tgz"
  integrity sha512-9Cf+Xv1jJNe1xPZLGuUXLNkE1BoDkqRqYyFJ9TDYSqhduqA4hu4oR9HluGoWYQC/aj8WHjsGVV+bwkh0+tegRg==

chokidar@^5.0.0:
  version "5.0.0"
  resolved "https://registry.npmjs.org/chokidar/-/chokidar-5.0.0.tgz"
  integrity sha512-TQMmc3w+5AxjpL8iIiwebF73dRDF4fBIieAqGn9RGCWaEVwQ6Fb2cGe31Yns0RRIzii5goJ1Y7xbMwo1TxMplw==
  dependencies:
    readdirp "^5.0.0"

client-only@0.0.1:
  version "0.0.1"
  resolved "https://registry.npmjs.org/client-only/-/client-only-0.0.1.tgz"
  integrity sha512-IV3Ou0jSMzZrd3pZ48nLkT9DA7Ag1pnPzaiQhpW7c3RbcqqzvzzVu+L8gfqMp/8IM2MQtSiqaCxrrcfu8I8rMA==

detect-libc@^2.0.3, detect-libc@^2.1.2:
  version "2.1.2"
  resolved "https://registry.npmjs.org/detect-libc/-/detect-libc-2.1.2.tgz"
  integrity sha512-Btj2BOOO83o3WyH59e8MgXsxEQVcarkUOpEYrubB0urwnN10yQ364rsiByU11nZlqWYZm05i/of7io4mzihBtQ==

icu-minify@^4.13.0:
  version "4.13.0"
  resolved "https://registry.npmjs.org/icu-minify/-/icu-minify-4.13.0.tgz"
  integrity sha512-SIFMeUHZJjzS5RvIGvybKvWoHjDm9cGVEs2EpJ8PmywOdJLWyblPm7TdPLLoUtkJtwQD7iGhl2WMptZ+N0on+w==
  dependencies:
    "@formatjs/icu-messageformat-parser" "^3.4.0"

immutable@^5.1.5:
  version "5.1.6"
  resolved "https://registry.npmjs.org/immutable/-/immutable-5.1.6.tgz"
  integrity sha512-q1swsS8K7L8usSHuOqF2TAoCCkonYz0SG38wLAggaa4Wml70zixIvt2ql4coQ2C2B3hTjltJry4r6bULwgAXLQ==

intl-messageformat@^11.1.0:
  version "11.2.8"
  resolved "https://registry.npmjs.org/intl-messageformat/-/intl-messageformat-11.2.8.tgz"
  integrity sha512-l323RCl3qJDVQ8U9j74ut/hVMdg3VPsOHpVMDvFfz9qiq4dPO5ooVYFNVUzzrpgG39a+RLzcXyJb8VFgIU+tUA==
  dependencies:
    "@formatjs/fast-memoize" "3.1.6"
    "@formatjs/icu-messageformat-parser" "3.5.11"

is-extglob@^2.1.1:
  version "2.1.1"
  resolved "https://registry.npmjs.org/is-extglob/-/is-extglob-2.1.1.tgz"
  integrity sha512-SbKbANkN603Vi4jEZv49LeVJMn4yGwsbzZworEoyEiutsN3nJYdbO36zfhGJ6QEDpOZIFkDtnq5JRxmvl3jsoQ==

is-glob@^4.0.3:
  version "4.0.3"
  resolved "https://registry.npmjs.org/is-glob/-/is-glob-4.0.3.tgz"
  integrity sha512-xelSayHH36ZgE7ZWhli7pW34hNbNl8Ojv5KVmkJD4hBdD3th8Tfk9vYasLM+mXWOZhFkgZfxhLSnrwRr4elSSg==
  dependencies:
    is-extglob "^2.1.1"

nanoid@^3.3.6:
  version "3.3.7"
  resolved "https://registry.npmjs.org/nanoid/-/nanoid-3.3.7.tgz"
  integrity sha512-eSRppjcPIatRIMC1U6UngP8XFcz8MQWGQdt1MTBQ7NaAmvXDfvNxbvWV3x2y6CdEUciCSsDHDQZbhYaB8QEo2g==

negotiator@^1.0.0:
  version "1.0.0"
  resolved "https://registry.npmjs.org/negotiator/-/negotiator-1.0.0.tgz"
  integrity sha512-8Ofs/AUQh8MaEcrlq5xOX0CQ9ypTF5dl78mjlMNfOK08fzpgTHQRQPBxcPlEtIw0yRpws+Zo/3r+5WRby7u3Gg==

next-intl-swc-plugin-extractor@^4.13.0:
  version "4.13.0"
  resolved "https://registry.npmjs.org/next-intl-swc-plugin-extractor/-/next-intl-swc-plugin-extractor-4.13.0.tgz"
  integrity sha512-6S/fJI0KXvLCL8nhBo9P8eGaJPzmwJBTCzX0NaUIj0VyU8U89d//T+vjMLdNIXl5MlLaYH7B9MbAjb8Mvu+tqQ==

next-intl@^4.13.0:
  version "4.13.0"
  resolved "https://registry.npmjs.org/next-intl/-/next-intl-4.13.0.tgz"
  integrity sha512-OvNq2v5XLx4EkQOsAhVE9g+6zdb83XHusADCXXtIW4LILYnjEVaeINdr1lkVWKSjzwNUiMSlH5N4K0OQTRiv6A==
  dependencies:
    "@formatjs/intl-localematcher" "^0.8.1"
    "@parcel/watcher" "^2.4.1"
    "@swc/core" "^1.15.2"
    icu-minify "^4.13.0"
    negotiator "^1.0.0"
    next-intl-swc-plugin-extractor "^4.13.0"
    po-parser "^2.1.1"
    use-intl "^4.13.0"

next@16.2.9:
  version "16.2.9"
  resolved "https://registry.npmjs.org/next/-/next-16.2.9.tgz"
  integrity sha512-MEOJiq/UvuezAdqVSceHbqDgZt1kDw2tpGVOlsdIoJsQdbN2JY2hpVG4xnXGkbdJUOEWhnRfiu/O4Hpc9Juwww==
  dependencies:
    "@next/env" "16.2.9"
    "@swc/helpers" "0.5.15"
    baseline-browser-mapping "^2.9.19"
    caniuse-lite "^1.0.30001579"
    postcss "8.4.31"
    styled-jsx "5.1.6"
  optionalDependencies:
    "@next/swc-darwin-arm64" "16.2.9"
    "@next/swc-darwin-x64" "16.2.9"
    "@next/swc-linux-arm64-gnu" "16.2.9"
    "@next/swc-linux-arm64-musl" "16.2.9"
    "@next/swc-linux-x64-gnu" "16.2.9"
    "@next/swc-linux-x64-musl" "16.2.9"
    "@next/swc-win32-arm64-msvc" "16.2.9"
    "@next/swc-win32-x64-msvc" "16.2.9"
    sharp "^0.34.5"

node-addon-api@^7.0.0:
  version "7.1.1"
  resolved "https://registry.npmjs.org/node-addon-api/-/node-addon-api-7.1.1.tgz"
  integrity sha512-5m3bsyrjFWE1xf7nz7YXdN4udnVtXK6/Yfgn5qnahL6bCkf2yKt4k3nuTKAtT4r3IG8JNR2ncsIMdZuAzJjHQQ==

picocolors@^1.0.0:
  version "1.0.1"
  resolved "https://registry.npmjs.org/picocolors/-/picocolors-1.0.1.tgz"
  integrity sha512-anP1Z8qwhkbmu7MFP5iTt+wQKXgwzf7zTyGlcdzabySa9vd0Xt392U0rVmz9poOaBj0uHJKyyo9/upk0HrEQew==

picomatch@^4.0.3:
  version "4.0.4"
  resolved "https://registry.npmjs.org/picomatch/-/picomatch-4.0.4.tgz"
  integrity sha512-QP88BAKvMam/3NxH6vj2o21R6MjxZUAd6nlwAS/pnGvN9IVLocLHxGYIzFhg6fUQ+5th6P4dv4eW9jX3DSIj7A==

po-parser@^2.1.1:
  version "2.1.1"
  resolved "https://registry.npmjs.org/po-parser/-/po-parser-2.1.1.tgz"
  integrity sha512-ECF4zHLbUItpUgE3OTtLKlPjeBN+fKEczj2zYjDfCGOzicNs0GK3Vg2IoAYwx7LH/XYw43fZQP6xnZ4TkNxSLQ==

postcss@8.4.31:
  version "8.4.31"
  resolved "https://registry.npmjs.org/postcss/-/postcss-8.4.31.tgz"
  integrity sha512-PS08Iboia9mts/2ygV3eLpY5ghnUcfLV/EXTOW1E2qYxJKGGBUtNjN76FYHnMs36RmARn41bC0AZmn+rR0OVpQ==
  dependencies:
    nanoid "^3.3.6"
    picocolors "^1.0.0"
    source-map-js "^1.0.2"

react-dom@^19:
  version "19.2.7"
  resolved "https://registry.npmjs.org/react-dom/-/react-dom-19.2.7.tgz"
  integrity sha512-t0BRVXvbiE/o20Hfw669rLbMCDWtYZLvmJigy2f0MxsXF+71pxhR3xOkspmsO8h3ZlNzyibAmtCa3l4lYKk6gQ==
  dependencies:
    scheduler "^0.27.0"

react@^19:
  version "19.2.7"
  resolved "https://registry.npmjs.org/react/-/react-19.2.7.tgz"
  integrity sha512-HNe9WslTbXmFK8o8cmwgAeJFSBvt1bPdHCVKtaaV+WlAN36mpT4hcRpwbf3fY56ar2oIXzsBpOAiIRHAdY0OlQ==

readdirp@^5.0.0:
  version "5.0.0"
  resolved "https://registry.npmjs.org/readdirp/-/readdirp-5.0.0.tgz"
  integrity sha512-9u/XQ1pvrQtYyMpZe7DXKv2p5CNvyVwzUB6uhLAnQwHMSgKMBR62lc7AHljaeteeHXn11XTAaLLUVZYVZyuRBQ==

sass@^1.100.0:
  version "1.100.0"
  resolved "https://registry.npmjs.org/sass/-/sass-1.100.0.tgz"
  integrity sha512-B5j0rYMlinhhOo9tjQebMVVn0TfyXAF+wB3b2ggZUuJ/is/Y+7+JGjirAMxHZ9Z3hIP98NPfamlAkBHa1lAaXQ==
  dependencies:
    chokidar "^5.0.0"
    immutable "^5.1.5"
    source-map-js ">=0.6.2 <2.0.0"
  optionalDependencies:
    "@parcel/watcher" "^2.4.1"

scheduler@^0.27.0:
  version "0.27.0"
  resolved "https://registry.npmjs.org/scheduler/-/scheduler-0.27.0.tgz"
  integrity sha512-eNv+WrVbKu1f3vbYJT/xtiF5syA5HPIMtf9IgY/nKg0sWqzAUEvqY/xm7OcZc/qafLx/iO9FgOmeSAp4v5ti/Q==

semver@^7.7.3:
  version "7.8.4"
  resolved "https://registry.npmjs.org/semver/-/semver-7.8.4.tgz"
  integrity sha512-rUCObTnP32Q08R2uuIrt7r9PlEonuTmtuXYcW6s5kjdlj3xbnwe+21yXptAUYcMAABLkYYTtnmzb3w3EDZfueA==

sharp@^0.34.5:
  version "0.34.5"
  resolved "https://registry.npmjs.org/sharp/-/sharp-0.34.5.tgz"
  integrity sha512-Ou9I5Ft9WNcCbXrU9cMgPBcCK8LiwLqcbywW3t4oDV37n1pzpuNLsYiAV8eODnjbtQlSDwZ2cUEeQz4E54Hltg==
  dependencies:
    "@img/colour" "^1.0.0"
    detect-libc "^2.1.2"
    semver "^7.7.3"
  optionalDependencies:
    "@img/sharp-darwin-arm64" "0.34.5"
    "@img/sharp-darwin-x64" "0.34.5"
    "@img/sharp-libvips-darwin-arm64" "1.2.4"
    "@img/sharp-libvips-darwin-x64" "1.2.4"
    "@img/sharp-libvips-linux-arm" "1.2.4"
    "@img/sharp-libvips-linux-arm64" "1.2.4"
    "@img/sharp-libvips-linux-ppc64" "1.2.4"
    "@img/sharp-libvips-linux-riscv64" "1.2.4"
    "@img/sharp-libvips-linux-s390x" "1.2.4"
    "@img/sharp-libvips-linux-x64" "1.2.4"
    "@img/sharp-libvips-linuxmusl-arm64" "1.2.4"
    "@img/sharp-libvips-linuxmusl-x64" "1.2.4"
    "@img/sharp-linux-arm" "0.34.5"
    "@img/sharp-linux-arm64" "0.34.5"
    "@img/sharp-linux-ppc64" "0.34.5"
    "@img/sharp-linux-riscv64" "0.34.5"
    "@img/sharp-linux-s390x" "0.34.5"
    "@img/sharp-linux-x64" "0.34.5"
    "@img/sharp-linuxmusl-arm64" "0.34.5"
    "@img/sharp-linuxmusl-x64" "0.34.5"
    "@img/sharp-wasm32" "0.34.5"
    "@img/sharp-win32-arm64" "0.34.5"
    "@img/sharp-win32-ia32" "0.34.5"
    "@img/sharp-win32-x64" "0.34.5"

source-map-js@^1.0.2, "source-map-js@>=0.6.2 <2.0.0":
  version "1.2.0"
  resolved "https://registry.npmjs.org/source-map-js/-/source-map-js-1.2.0.tgz"
  integrity sha512-itJW8lvSA0TXEphiRoawsCksnlf8SyvmFzIhltqAHluXd88pkCd+cXJVHTDwdCr0IzwptSm035IHQktUu1QUMg==

styled-jsx@5.1.6:
  version "5.1.6"
  resolved "https://registry.npmjs.org/styled-jsx/-/styled-jsx-5.1.6.tgz"
  integrity sha512-qSVyDTeMotdvQYoHWLNGwRFJHC+i+ZvdBRYosOFgC+Wg1vx4frN2/RG/NA7SYqqvKNLf39P2LSRA2pu6n0XYZA==
  dependencies:
    client-only "0.0.1"

tslib@^2.8.0:
  version "2.8.1"
  resolved "https://registry.npmjs.org/tslib/-/tslib-2.8.1.tgz"
  integrity sha512-oJFu94HQb+KVduSUQL7wnpmqnfmLsOA/nAh6b6EH0wCEoK0/mPeXU6c3wKDV83MkOuHPRHtSXKKU99IBazS/2w==

use-intl@^4.13.0:
  version "4.13.0"
  resolved "https://registry.npmjs.org/use-intl/-/use-intl-4.13.0.tgz"
  integrity sha512-fAFDrWaASxlhXOipcOyb5VDD+YONqj6+8O8EcG/J7RBoOUF3A8YahRWLN+mBxYMrlMQB8N6Voqk5X+YC+HSL0A==
  dependencies:
    "@formatjs/fast-memoize" "^3.1.0"
    "@schummar/icu-type-parser" "1.21.5"
    icu-minify "^4.13.0"
    intl-messageformat "^11.1.0"
